
Microsoft Visual Studio Solution File, Format Version 12.00
# Visual Studio 15
VisualStudioVersion = 15.0.27703.2035
MinimumVisualStudioVersion = 10.0.40219.1
Project("{FAE04EC0-301F-11D3-BF4B-00C04F79EFBC}") = "WebApplication2", "WebApplication2\WebApplication2.csproj", "{D7D47FD2-D530-42DB-9B0C-91A327A0D50B}"
EndProject
Global
	GlobalSection(SolutionConfigurationPlatforms) = preSolution
		Debug|Any CPU = Debug|Any CPU
		Release|Any CPU = Release|Any CPU
	EndGlobalSection
	GlobalSection(ProjectConfigurationPlatforms) = postSolution
		{D7D47FD2-D530-42DB-9B0C-91A327A0D50B}.Debug|Any CPU.ActiveCfg = Debug|Any CPU
		{D7D47FD2-D530-42DB-9B0C-91A327A0D50B}.Debug|Any CPU.Build.0 = Debug|Any CPU
		{D7D47FD2-D530-42DB-9B0C-91A327A0D50B}.Release|Any CPU.ActiveCfg = Release|Any CPU
		{D7D47FD2-D530-42DB-9B0C-91A327A0D50B}.Release|Any CPU.Build.0 = Release|Any CPU
	EndGlobalSection
	GlobalSection(SolutionProperties) = preSolution
		HideSolutionNode = FALSE
	EndGlobalSection
	GlobalSection(ExtensibilityGlobals) = postSolution
		SolutionGuid = {311F2599-3E76-4E62-BC52-E6E9FF19E328}
	EndGlobalSection
EndGlobal
